
Microsoft Visual Studio Solution File, Format Version 12.00
# Visual Studio 15
Project("{FAE04EC0-301F-11D3-BF4B-00C04F79EFBC}") = "Assembly-CSharp", "Assembly-CSharp.csproj", "{7B1DB20D-3720-1A51-E9FB-DCC5AD869135}"
EndProject
Project("{FAE04EC0-301F-11D3-BF4B-00C04F79EFBC}") = "GoogleMobileAds.Editor", "GoogleMobileAds.Editor.csproj", "{A497B9E4-0DD5-CACE-08FA-64686CBDC6B8}"
EndProject
Project("{FAE04EC0-301F-11D3-BF4B-00C04F79EFBC}") = "Assembly-CSharp-Editor", "Assembly-CSharp-Editor.csproj", "{A7780CC9-A418-21FC-9568-7CA9434D669C}"
EndProject
Global
	GlobalSection(SolutionConfigurationPlatforms) = preSolution
		Debug|Any CPU = Debug|Any CPU
		Release|Any CPU = Release|Any CPU
	EndGlobalSection
	GlobalSection(ProjectConfigurationPlatforms) = postSolution
		{7B1DB20D-3720-1A51-E9FB-DCC5AD869135}.Debug|Any CPU.ActiveCfg = Debug|Any CPU
		{7B1DB20D-3720-1A51-E9FB-DCC5AD869135}.Debug|Any CPU.Build.0 = Debug|Any CPU
		{7B1DB20D-3720-1A51-E9FB-DCC5AD869135}.Release|Any CPU.ActiveCfg = Release|Any CPU
		{7B1DB20D-3720-1A51-E9FB-DCC5AD869135}.Release|Any CPU.Build.0 = Release|Any CPU
		{A497B9E4-0DD5-CACE-08FA-64686CBDC6B8}.Debug|Any CPU.ActiveCfg = Debug|Any CPU
		{A497B9E4-0DD5-CACE-08FA-64686CBDC6B8}.Debug|Any CPU.Build.0 = Debug|Any CPU
		{A497B9E4-0DD5-CACE-08FA-64686CBDC6B8}.Release|Any CPU.ActiveCfg = Release|Any CPU
		{A497B9E4-0DD5-CACE-08FA-64686CBDC6B8}.Release|Any CPU.Build.0 = Release|Any CPU
		{A7780CC9-A418-21FC-9568-7CA9434D669C}.Debug|Any CPU.ActiveCfg = Debug|Any CPU
		{A7780CC9-A418-21FC-9568-7CA9434D669C}.Debug|Any CPU.Build.0 = Debug|Any CPU
		{A7780CC9-A418-21FC-9568-7CA9434D669C}.Release|Any CPU.ActiveCfg = Release|Any CPU
		{A7780CC9-A418-21FC-9568-7CA9434D669C}.Release|Any CPU.Build.0 = Release|Any CPU
	EndGlobalSection
	GlobalSection(SolutionProperties) = preSolution
		HideSolutionNode = FALSE
	EndGlobalSection
EndGlobal
